
Microsoft Visual Studio Solution File, Format Version 12.00
# Visual Studio Version 17
VisualStudioVersion = 17.2.32526.322
MinimumVisualStudioVersion = 10.0.40219.1
Project("{FAE04EC0-301F-11D3-BF4B-00C04F79EFBC}") = "RedisCache", "RedisCache.csproj", "{AE6247FB-2C1E-4D5E-AA26-5A147EE30814}"
EndProject
Global
	GlobalSection(SolutionConfigurationPlatforms) = preSolution
		Debug|Any CPU = Debug|Any CPU
		Release|Any CPU = Release|Any CPU
	EndGlobalSection
	GlobalSection(ProjectConfigurationPlatforms) = postSolution
		{AE6247FB-2C1E-4D5E-AA26-5A147EE30814}.Debug|Any CPU.ActiveCfg = Debug|Any CPU
		{AE6247FB-2C1E-4D5E-AA26-5A147EE30814}.Debug|Any CPU.Build.0 = Debug|Any CPU
		{AE6247FB-2C1E-4D5E-AA26-5A147EE30814}.Release|Any CPU.ActiveCfg = Release|Any CPU
		{AE6247FB-2C1E-4D5E-AA26-5A147EE30814}.Release|Any CPU.Build.0 = Release|Any CPU
	EndGlobalSection
	GlobalSection(SolutionProperties) = preSolution
		HideSolutionNode = FALSE
	EndGlobalSection
	GlobalSection(ExtensibilityGlobals) = postSolution
		SolutionGuid = {5898AC0A-CE55-4A5C-AE26-A9103C75667E}
	EndGlobalSection
EndGlobal
