
Microsoft Visual Studio Solution File, Format Version 12.00
# Visual Studio Version 17
VisualStudioVersion = 17.2.32526.322
MinimumVisualStudioVersion = 10.0.40219.1
Project("{FAE04EC0-301F-11D3-BF4B-00C04F79EFBC}") = "WatchLogLogging", "WatchLogLogging.csproj", "{ED3CFDE2-3F39-4F3C-9B02-69357D32508A}"
EndProject
Global
	GlobalSection(SolutionConfigurationPlatforms) = preSolution
		Debug|Any CPU = Debug|Any CPU
		Release|Any CPU = Release|Any CPU
	EndGlobalSection
	GlobalSection(ProjectConfigurationPlatforms) = postSolution
		{ED3CFDE2-3F39-4F3C-9B02-69357D32508A}.Debug|Any CPU.ActiveCfg = Debug|Any CPU
		{ED3CFDE2-3F39-4F3C-9B02-69357D32508A}.Debug|Any CPU.Build.0 = Debug|Any CPU
		{ED3CFDE2-3F39-4F3C-9B02-69357D32508A}.Release|Any CPU.ActiveCfg = Release|Any CPU
		{ED3CFDE2-3F39-4F3C-9B02-69357D32508A}.Release|Any CPU.Build.0 = Release|Any CPU
	EndGlobalSection
	GlobalSection(SolutionProperties) = preSolution
		HideSolutionNode = FALSE
	EndGlobalSection
	GlobalSection(ExtensibilityGlobals) = postSolution
		SolutionGuid = {D99817D4-B01A-40F7-84D1-98C6E96A2A99}
	EndGlobalSection
EndGlobal
