
Microsoft Visual Studio Solution File, Format Version 12.00
# Visual Studio Version 17
VisualStudioVersion = 17.2.32526.322
MinimumVisualStudioVersion = 10.0.40219.1
Project("{FAE04EC0-301F-11D3-BF4B-00C04F79EFBC}") = "AutoMapperProject", "AutoMapperProject.csproj", "{049DBB8D-2BFD-48E2-AC0D-F5219EE95F0A}"
EndProject
Global
	GlobalSection(SolutionConfigurationPlatforms) = preSolution
		Debug|Any CPU = Debug|Any CPU
		Release|Any CPU = Release|Any CPU
	EndGlobalSection
	GlobalSection(ProjectConfigurationPlatforms) = postSolution
		{049DBB8D-2BFD-48E2-AC0D-F5219EE95F0A}.Debug|Any CPU.ActiveCfg = Debug|Any CPU
		{049DBB8D-2BFD-48E2-AC0D-F5219EE95F0A}.Debug|Any CPU.Build.0 = Debug|Any CPU
		{049DBB8D-2BFD-48E2-AC0D-F5219EE95F0A}.Release|Any CPU.ActiveCfg = Release|Any CPU
		{049DBB8D-2BFD-48E2-AC0D-F5219EE95F0A}.Release|Any CPU.Build.0 = Release|Any CPU
	EndGlobalSection
	GlobalSection(SolutionProperties) = preSolution
		HideSolutionNode = FALSE
	EndGlobalSection
	GlobalSection(ExtensibilityGlobals) = postSolution
		SolutionGuid = {53EF9114-F1AF-4496-84F9-28A1C65C75B8}
	EndGlobalSection
EndGlobal
